
Microsoft Visual Studio Solution File, Format Version 12.00
# Visual Studio Version 17
VisualStudioVersion = 17.4.33213.308
MinimumVisualStudioVersion = 10.0.40219.1
Project("{F184B08F-C81C-45F6-A57F-5ABD9991F28F}") = "ejercicio 1c", "ejercicio 1c.vbproj", "{CF36CF5C-3093-4AD7-879C-355988359E99}"
EndProject
Global
	GlobalSection(SolutionConfigurationPlatforms) = preSolution
		Debug|Any CPU = Debug|Any CPU
		Release|Any CPU = Release|Any CPU
	EndGlobalSection
	GlobalSection(ProjectConfigurationPlatforms) = postSolution
		{CF36CF5C-3093-4AD7-879C-355988359E99}.Debug|Any CPU.ActiveCfg = Debug|Any CPU
		{CF36CF5C-3093-4AD7-879C-355988359E99}.Debug|Any CPU.Build.0 = Debug|Any CPU
		{CF36CF5C-3093-4AD7-879C-355988359E99}.Release|Any CPU.ActiveCfg = Release|Any CPU
		{CF36CF5C-3093-4AD7-879C-355988359E99}.Release|Any CPU.Build.0 = Release|Any CPU
	EndGlobalSection
	GlobalSection(SolutionProperties) = preSolution
		HideSolutionNode = FALSE
	EndGlobalSection
	GlobalSection(ExtensibilityGlobals) = postSolution
		SolutionGuid = {65899B4E-659A-441A-A678-F8A1FAEF1800}
	EndGlobalSection
EndGlobal
